
Microsoft Visual Studio Solution File, Format Version 12.00
# Visual Studio Version 16
VisualStudioVersion = 25.0.1705.6
MinimumVisualStudioVersion = 10.0.40219.1
Project("{FAE04EC0-301F-11D3-BF4B-00C04F79EFBC}") = "Aetherium", "Aetherium.csproj", "{B0014DFF-D656-4224-A4AA-7757BD4B5A6B}"
EndProject
Project("{FAE04EC0-301F-11D3-BF4B-00C04F79EFBC}") = "Bindings", "..\Bindings\Bindings.csproj", "{57F0128C-A0A7-4E8B-9276-B0E034CF42FA}"
EndProject
Project("{FAE04EC0-301F-11D3-BF4B-00C04F79EFBC}") = "ReShadeRuntime", "..\ReShadeRuntime\ReShadeRuntime.csproj", "{817EC8A6-38BD-4A63-AF82-67BBEA88945F}"
EndProject
Project("{FAE04EC0-301F-11D3-BF4B-00C04F79EFBC}") = "ImGui.NET", "..\ImGui.NET\src\ImGui.NET\ImGui.NET.csproj", "{F3E81527-4D0A-43D3-B78F-154F27A70062}"
EndProject
Global
	GlobalSection(SolutionConfigurationPlatforms) = preSolution
		Debug|Any CPU = Debug|Any CPU
		Release|Any CPU = Release|Any CPU
	EndGlobalSection
	GlobalSection(ProjectConfigurationPlatforms) = postSolution
		{B0014DFF-D656-4224-A4AA-7757BD4B5A6B}.Debug|Any CPU.ActiveCfg = Debug|Any CPU
		{B0014DFF-D656-4224-A4AA-7757BD4B5A6B}.Debug|Any CPU.Build.0 = Debug|Any CPU
		{B0014DFF-D656-4224-A4AA-7757BD4B5A6B}.Release|Any CPU.ActiveCfg = Release|Any CPU
		{B0014DFF-D656-4224-A4AA-7757BD4B5A6B}.Release|Any CPU.Build.0 = Release|Any CPU
		{57F0128C-A0A7-4E8B-9276-B0E034CF42FA}.Debug|Any CPU.ActiveCfg = Debug|Any CPU
		{57F0128C-A0A7-4E8B-9276-B0E034CF42FA}.Debug|Any CPU.Build.0 = Debug|Any CPU
		{57F0128C-A0A7-4E8B-9276-B0E034CF42FA}.Release|Any CPU.ActiveCfg = Release|Any CPU
		{57F0128C-A0A7-4E8B-9276-B0E034CF42FA}.Release|Any CPU.Build.0 = Release|Any CPU
		{817EC8A6-38BD-4A63-AF82-67BBEA88945F}.Debug|Any CPU.ActiveCfg = Debug|Any CPU
		{817EC8A6-38BD-4A63-AF82-67BBEA88945F}.Debug|Any CPU.Build.0 = Debug|Any CPU
		{817EC8A6-38BD-4A63-AF82-67BBEA88945F}.Release|Any CPU.ActiveCfg = Release|Any CPU
		{817EC8A6-38BD-4A63-AF82-67BBEA88945F}.Release|Any CPU.Build.0 = Release|Any CPU
		{F3E81527-4D0A-43D3-B78F-154F27A70062}.Debug|Any CPU.ActiveCfg = Debug|Any CPU
		{F3E81527-4D0A-43D3-B78F-154F27A70062}.Debug|Any CPU.Build.0 = Debug|Any CPU
		{F3E81527-4D0A-43D3-B78F-154F27A70062}.Release|Any CPU.ActiveCfg = Release|Any CPU
		{F3E81527-4D0A-43D3-B78F-154F27A70062}.Release|Any CPU.Build.0 = Release|Any CPU
	EndGlobalSection
	GlobalSection(SolutionProperties) = preSolution
		HideSolutionNode = FALSE
	EndGlobalSection
	GlobalSection(ExtensibilityGlobals) = postSolution
		SolutionGuid = {D8B416F4-508F-4641-AD41-AD1BDEA58935}
	EndGlobalSection
EndGlobal
